
Microsoft Visual Studio Solution File, Format Version 12.00
# Visual Studio Version 17
VisualStudioVersion = 17.13.35818.85 d17.13
MinimumVisualStudioVersion = 10.0.40219.1
Project("{FAE04EC0-301F-11D3-BF4B-00C04F79EFBC}") = "AwesomeGIC_App", "AwesomeGIC_App.csproj", "{AAE60AAD-F70E-49D8-AF71-0203BD09000C}"
EndProject
Project("{FAE04EC0-301F-11D3-BF4B-00C04F79EFBC}") = "AwesomeGIC_App.Tests", "..\AwesomeGIC_App.Tests\AwesomeGIC_App.Tests.csproj", "{195185EB-B224-4408-A39C-3ADFDC772793}"
EndProject
Global
	GlobalSection(SolutionConfigurationPlatforms) = preSolution
		Debug|Any CPU = Debug|Any CPU
		Release|Any CPU = Release|Any CPU
	EndGlobalSection
	GlobalSection(ProjectConfigurationPlatforms) = postSolution
		{AAE60AAD-F70E-49D8-AF71-0203BD09000C}.Debug|Any CPU.ActiveCfg = Debug|Any CPU
		{AAE60AAD-F70E-49D8-AF71-0203BD09000C}.Debug|Any CPU.Build.0 = Debug|Any CPU
		{AAE60AAD-F70E-49D8-AF71-0203BD09000C}.Release|Any CPU.ActiveCfg = Release|Any CPU
		{AAE60AAD-F70E-49D8-AF71-0203BD09000C}.Release|Any CPU.Build.0 = Release|Any CPU
		{195185EB-B224-4408-A39C-3ADFDC772793}.Debug|Any CPU.ActiveCfg = Debug|Any CPU
		{195185EB-B224-4408-A39C-3ADFDC772793}.Debug|Any CPU.Build.0 = Debug|Any CPU
		{195185EB-B224-4408-A39C-3ADFDC772793}.Release|Any CPU.ActiveCfg = Release|Any CPU
		{195185EB-B224-4408-A39C-3ADFDC772793}.Release|Any CPU.Build.0 = Release|Any CPU
	EndGlobalSection
	GlobalSection(SolutionProperties) = preSolution
		HideSolutionNode = FALSE
	EndGlobalSection
	GlobalSection(ExtensibilityGlobals) = postSolution
		SolutionGuid = {0DEC5AFE-F942-48F2-962D-41E97969DA4E}
	EndGlobalSection
EndGlobal
